
Microsoft Visual Studio Solution File, Format Version 12.00
# Visual Studio Version 17
VisualStudioVersion = 17.6.33829.357
MinimumVisualStudioVersion = 10.0.40219.1
Project("{FAE04EC0-301F-11D3-BF4B-00C04F79EFBC}") = "COOKING_RECIPE_PORTAL", "COOKING_RECIPE_PORTAL\COOKING_RECIPE_PORTAL.csproj", "{D0A8222C-A249-4BA1-9ABF-CC16EA067338}"
EndProject
Global
	GlobalSection(SolutionConfigurationPlatforms) = preSolution
		Debug|Any CPU = Debug|Any CPU
		Release|Any CPU = Release|Any CPU
	EndGlobalSection
	GlobalSection(ProjectConfigurationPlatforms) = postSolution
		{D0A8222C-A249-4BA1-9ABF-CC16EA067338}.Debug|Any CPU.ActiveCfg = Debug|Any CPU
		{D0A8222C-A249-4BA1-9ABF-CC16EA067338}.Debug|Any CPU.Build.0 = Debug|Any CPU
		{D0A8222C-A249-4BA1-9ABF-CC16EA067338}.Release|Any CPU.ActiveCfg = Release|Any CPU
		{D0A8222C-A249-4BA1-9ABF-CC16EA067338}.Release|Any CPU.Build.0 = Release|Any CPU
	EndGlobalSection
	GlobalSection(SolutionProperties) = preSolution
		HideSolutionNode = FALSE
	EndGlobalSection
	GlobalSection(ExtensibilityGlobals) = postSolution
		SolutionGuid = {7806B5F4-9E34-45DA-98AB-C4A7CBFA20D0}
	EndGlobalSection
EndGlobal
